
Microsoft Visual Studio Solution File, Format Version 12.00
# Visual Studio Version 16
VisualStudioVersion = 16.0.29326.143
MinimumVisualStudioVersion = 10.0.40219.1
Project("{FAE04EC0-301F-11D3-BF4B-00C04F79EFBC}") = "FunctionBlob", "FunctionBlob\FunctionBlob.csproj", "{7524AD37-84E0-4F14-8E1A-9857893E13CC}"
EndProject
Global
	GlobalSection(SolutionConfigurationPlatforms) = preSolution
		Debug|Any CPU = Debug|Any CPU
		Release|Any CPU = Release|Any CPU
	EndGlobalSection
	GlobalSection(ProjectConfigurationPlatforms) = postSolution
		{7524AD37-84E0-4F14-8E1A-9857893E13CC}.Debug|Any CPU.ActiveCfg = Debug|Any CPU
		{7524AD37-84E0-4F14-8E1A-9857893E13CC}.Debug|Any CPU.Build.0 = Debug|Any CPU
		{7524AD37-84E0-4F14-8E1A-9857893E13CC}.Release|Any CPU.ActiveCfg = Release|Any CPU
		{7524AD37-84E0-4F14-8E1A-9857893E13CC}.Release|Any CPU.Build.0 = Release|Any CPU
	EndGlobalSection
	GlobalSection(SolutionProperties) = preSolution
		HideSolutionNode = FALSE
	EndGlobalSection
	GlobalSection(ExtensibilityGlobals) = postSolution
		SolutionGuid = {F008352E-1FA1-40DA-A33E-560AD04F0272}
	EndGlobalSection
EndGlobal
